
Microsoft Visual Studio Solution File, Format Version 12.00
# Visual Studio Version 17
VisualStudioVersion = 17.5.33424.131
MinimumVisualStudioVersion = 10.0.40219.1
Project("{8BC9CEB8-8B4A-11D0-8D11-00A0C91BC942}") = "135_Pointer", "135_Pointer\135_Pointer.vcxproj", "{06A3951A-FEA6-414F-AD1E-CB255E016F9E}"
EndProject
Project("{8BC9CEB8-8B4A-11D0-8D11-00A0C91BC942}") = "135_pointer2", "135_pointer2\135_pointer2.vcxproj", "{CCAB2654-A191-462D-AB5B-1C7051F81D77}"
EndProject
Project("{8BC9CEB8-8B4A-11D0-8D11-00A0C91BC942}") = "135_pointer3", "135_pointer3\135_pointer3.vcxproj", "{4AB12D5A-0218-4D64-B160-95733CB8F7D7}"
EndProject
Global
	GlobalSection(SolutionConfigurationPlatforms) = preSolution
		Debug|x64 = Debug|x64
		Debug|x86 = Debug|x86
		Release|x64 = Release|x64
		Release|x86 = Release|x86
	EndGlobalSection
	GlobalSection(ProjectConfigurationPlatforms) = postSolution
		{06A3951A-FEA6-414F-AD1E-CB255E016F9E}.Debug|x64.ActiveCfg = Debug|x64
		{06A3951A-FEA6-414F-AD1E-CB255E016F9E}.Debug|x64.Build.0 = Debug|x64
		{06A3951A-FEA6-414F-AD1E-CB255E016F9E}.Debug|x86.ActiveCfg = Debug|Win32
		{06A3951A-FEA6-414F-AD1E-CB255E016F9E}.Debug|x86.Build.0 = Debug|Win32
		{06A3951A-FEA6-414F-AD1E-CB255E016F9E}.Release|x64.ActiveCfg = Release|x64
		{06A3951A-FEA6-414F-AD1E-CB255E016F9E}.Release|x64.Build.0 = Release|x64
		{06A3951A-FEA6-414F-AD1E-CB255E016F9E}.Release|x86.ActiveCfg = Release|Win32
		{06A3951A-FEA6-414F-AD1E-CB255E016F9E}.Release|x86.Build.0 = Release|Win32
		{CCAB2654-A191-462D-AB5B-1C7051F81D77}.Debug|x64.ActiveCfg = Debug|x64
		{CCAB2654-A191-462D-AB5B-1C7051F81D77}.Debug|x64.Build.0 = Debug|x64
		{CCAB2654-A191-462D-AB5B-1C7051F81D77}.Debug|x86.ActiveCfg = Debug|Win32
		{CCAB2654-A191-462D-AB5B-1C7051F81D77}.Debug|x86.Build.0 = Debug|Win32
		{CCAB2654-A191-462D-AB5B-1C7051F81D77}.Release|x64.ActiveCfg = Release|x64
		{CCAB2654-A191-462D-AB5B-1C7051F81D77}.Release|x64.Build.0 = Release|x64
		{CCAB2654-A191-462D-AB5B-1C7051F81D77}.Release|x86.ActiveCfg = Release|Win32
		{CCAB2654-A191-462D-AB5B-1C7051F81D77}.Release|x86.Build.0 = Release|Win32
		{4AB12D5A-0218-4D64-B160-95733CB8F7D7}.Debug|x64.ActiveCfg = Debug|x64
		{4AB12D5A-0218-4D64-B160-95733CB8F7D7}.Debug|x64.Build.0 = Debug|x64
		{4AB12D5A-0218-4D64-B160-95733CB8F7D7}.Debug|x86.ActiveCfg = Debug|Win32
		{4AB12D5A-0218-4D64-B160-95733CB8F7D7}.Debug|x86.Build.0 = Debug|Win32
		{4AB12D5A-0218-4D64-B160-95733CB8F7D7}.Release|x64.ActiveCfg = Release|x64
		{4AB12D5A-0218-4D64-B160-95733CB8F7D7}.Release|x64.Build.0 = Release|x64
		{4AB12D5A-0218-4D64-B160-95733CB8F7D7}.Release|x86.ActiveCfg = Release|Win32
		{4AB12D5A-0218-4D64-B160-95733CB8F7D7}.Release|x86.Build.0 = Release|Win32
	EndGlobalSection
	GlobalSection(SolutionProperties) = preSolution
		HideSolutionNode = FALSE
	EndGlobalSection
	GlobalSection(ExtensibilityGlobals) = postSolution
		SolutionGuid = {04FF0CA1-D32B-4429-AF42-EEC5E29ED964}
	EndGlobalSection
EndGlobal
